
Microsoft Visual Studio Solution File, Format Version 12.00
# Visual Studio Version 16
VisualStudioVersion = 16.0.31205.134
MinimumVisualStudioVersion = 10.0.40219.1
Project("{FAE04EC0-301F-11D3-BF4B-00C04F79EFBC}") = "Scraper", "Scraper\Scraper.csproj", "{C1243244-6E47-4531-9B8A-5F8FC07A8E15}"
EndProject
Global
	GlobalSection(SolutionConfigurationPlatforms) = preSolution
		Debug|Any CPU = Debug|Any CPU
		Release|Any CPU = Release|Any CPU
	EndGlobalSection
	GlobalSection(ProjectConfigurationPlatforms) = postSolution
		{C1243244-6E47-4531-9B8A-5F8FC07A8E15}.Debug|Any CPU.ActiveCfg = Debug|Any CPU
		{C1243244-6E47-4531-9B8A-5F8FC07A8E15}.Debug|Any CPU.Build.0 = Debug|Any CPU
		{C1243244-6E47-4531-9B8A-5F8FC07A8E15}.Release|Any CPU.ActiveCfg = Release|Any CPU
		{C1243244-6E47-4531-9B8A-5F8FC07A8E15}.Release|Any CPU.Build.0 = Release|Any CPU
	EndGlobalSection
	GlobalSection(SolutionProperties) = preSolution
		HideSolutionNode = FALSE
	EndGlobalSection
	GlobalSection(ExtensibilityGlobals) = postSolution
		SolutionGuid = {3B88A622-0663-464E-B862-1108502DB95C}
	EndGlobalSection
EndGlobal
